// !$*UTF8*$!
{
	archiveVersion = 1;
	classes = {
	};
	objectVersion = 77;
	objects = {

/* Begin PBXBuildFile section */
		238B45CD2F351E32008E3C08 /* FirebaseAuth in Frameworks */ = {isa = PBXBuildFile; productRef = 238B45CC2F351E32008E3C08 /* FirebaseAuth */; };
		238B45CF2F351E32008E3C08 /* FirebaseCore in Frameworks */ = {isa = PBXBuildFile; productRef = 238B45CE2F351E32008E3C08 /* FirebaseCore */; };
/* End PBXBuildFile section */

/* Begin PBXContainerItemProxy section */
		23AC0A322EE875FC0094CE44 /* PBXContainerItemProxy */ = {
			isa = PBXContainerItemProxy;
			containerPortal = 23AC0A1C2EE875F90094CE44 /* Project object */;
			proxyType = 1;
			remoteGlobalIDString = 23AC0A232EE875F90094CE44;
			remoteInfo = "Cosmo Trader";
		};
		23AC0A3C2EE875FC0094CE44 /* PBXContainerItemProxy */ = {
			isa = PBXContainerItemProxy;
			containerPortal = 23AC0A1C2EE875F90094CE44 /* Project object */;
			proxyType = 1;
			remoteGlobalIDString = 23AC0A232EE875F90094CE44;
			remoteInfo = "Cosmo Trader";
		};
/* End PBXContainerItemProxy section */

/* Begin PBXFileReference section */
		23AC0A242EE875F90094CE44 /* Cosmo Trader.app */ = {isa = PBXFileReference; explicitFileType = wrapper.application; includeInIndex = 0; path = "Cosmo Trader.app"; sourceTree = BUILT_PRODUCTS_DIR; };
		23AC0A312EE875FC0094CE44 /* Cosmo TraderTests.xctest */ = {isa = PBXFileReference; explicitFileType = wrapper.cfbundle; includeInIndex = 0; path = "Cosmo TraderTests.xctest"; sourceTree = BUILT_PRODUCTS_DIR; };
		23AC0A3B2EE875FC0094CE44 /* Cosmo TraderUITests.xctest */ = {isa = PBXFileReference; explicitFileType = wrapper.cfbundle; includeInIndex = 0; path = "Cosmo TraderUITests.xctest"; sourceTree = BUILT_PRODUCTS_DIR; };
		23F8B1012F5A000100C0DE01 /* Base.xcconfig */ = {isa = PBXFileReference; lastKnownFileType = text.xcconfig; path = Base.xcconfig; sourceTree = "<group>"; };
		23F8B1022F5A000100C0DE01 /* Debug.xcconfig */ = {isa = PBXFileReference; lastKnownFileType = text.xcconfig; path = Debug.xcconfig; sourceTree = "<group>"; };
		23F8B1032F5A000100C0DE01 /* Release.xcconfig */ = {isa = PBXFileReference; lastKnownFileType = text.xcconfig; path = Release.xcconfig; sourceTree = "<group>"; };
		23F8B1042F5A000100C0DE01 /* Staging.xcconfig */ = {isa = PBXFileReference; lastKnownFileType = text.xcconfig; path = Staging.xcconfig; sourceTree = "<group>"; };
/* End PBXFileReference section */

/* Begin PBXFileSystemSynchronizedBuildFileExceptionSet section */
		23E313342EEA907F0025F506 /* Exceptions for "Cosmo Trader" folder in "Cosmo Trader" target */ = {
			isa = PBXFileSystemSynchronizedBuildFileExceptionSet;
			membershipExceptions = (
				Configuration/Base.xcconfig,
				Configuration/Debug.xcconfig,
				Configuration/Release.xcconfig,
				Configuration/Secrets.plist,
				Configuration/Secrets.xcconfig.sample,
				Configuration/Staging.xcconfig,
				AppStoreMetadata.md,
				Docs,
				Documentation,
				ExportOptions.plist,
				"GoogleService-Info.plist.sample",
				README.md,
				Screenshots.md,
				"Secrets-template.plist",
				embedded.mobileprovision,
				Services/PushTokenRegistrar.swift,
				Services/PushTokenStorage.swift,
				SDKIntegration.md,
				docs,
				Utils/WidgetDataManager.swift,
			);
			platformFiltersByRelativePath = {
				CosmicTraderApp.swift = (ios, );
				Models/Compatibility.swift = (ios, );
				Models/CosmicEvent.swift = (ios, );
				Models/Examples.swift = (ios, );
				Models/MockStockData.swift = (ios, );
				Models/PlanetaryEvent.swift = (ios, );
				Models/Stock.swift = (ios, );
				Models/UserProfile.swift = (ios, );
				Models/ZodiacSign.swift = (ios, );
				Services/APIConfig.swift = (ios, );
				Services/Accessibility.swift = (ios, );
				Services/AstroAlertService.swift = (ios, );
				Services/ErrorHandling.swift = (ios, );
				Services/HoroscopeGenerator.swift = (ios, );
				Services/InputValidation.swift = (ios, );
				Services/StockAPIService.swift = (ios, );
				State/AppState.swift = (ios, );
				Theme/CosmicTheme.swift = (ios, );
				ViewModels/DiscoverViewModel.swift = (ios, );
				ViewModels/HoroscopeViewModel.swift = (ios, );
				ViewModels/PortfolioViewModel.swift = (ios, );
				ViewModels/ProfileViewModel.swift = (ios, );
				Views/Components/AstroAlertBanner.swift = (ios, );
				Views/Components/CosmicBalanceCard.swift = (ios, );
				Views/Components/CosmicErrorView.swift = (ios, );
				Views/Components/HoldingRow.swift = (ios, );
				Views/Components/PortfolioHeaderView.swift = (ios, );
				Views/Components/StockCardView.swift = (ios, );
				Views/Components/ZodiacWheelView.swift = (ios, );
				Views/ContentView.swift = (ios, );
				Views/Onboarding/OnboardingView.swift = (ios, );
				Views/StockDetailView.swift = (ios, );
				Views/Tabs/CosmosView.swift = (ios, );
				Views/Tabs/DiscoverView.swift = (ios, );
				Views/Tabs/PortfolioView.swift = (ios, );
				Views/Tabs/ProfileView.swift = (ios, );
			};
			target = 23AC0A232EE875F90094CE44 /* Cosmo Trader */;
		};
/* End PBXFileSystemSynchronizedBuildFileExceptionSet section */

/* Begin PBXFileSystemSynchronizedRootGroup section */
		23AC0A262EE875F90094CE44 /* Cosmo Trader */ = {
			isa = PBXFileSystemSynchronizedRootGroup;
			exceptions = (
				23E313342EEA907F0025F506 /* Exceptions for "Cosmo Trader" folder in "Cosmo Trader" target */,
			);
			path = "Cosmo Trader";
			sourceTree = "<group>";
		};
		23AC0A342EE875FC0094CE44 /* Cosmo TraderTests */ = {
			isa = PBXFileSystemSynchronizedRootGroup;
			path = "Cosmo TraderTests";
			sourceTree = "<group>";
		};
		23AC0A3E2EE875FC0094CE44 /* Cosmo TraderUITests */ = {
			isa = PBXFileSystemSynchronizedRootGroup;
			path = "Cosmo TraderUITests";
			sourceTree = "<group>";
		};
/* End PBXFileSystemSynchronizedRootGroup section */

/* Begin PBXFrameworksBuildPhase section */
		23AC0A212EE875F90094CE44 /* Frameworks */ = {
			isa = PBXFrameworksBuildPhase;
			buildActionMask = 2147483647;
			files = (
				238B45CF2F351E32008E3C08 /* FirebaseCore in Frameworks */,
				238B45CD2F351E32008E3C08 /* FirebaseAuth in Frameworks */,
			);
			runOnlyForDeploymentPostprocessing = 0;
		};
		23AC0A2E2EE875FC0094CE44 /* Frameworks */ = {
			isa = PBXFrameworksBuildPhase;
			buildActionMask = 2147483647;
			files = (
			);
			runOnlyForDeploymentPostprocessing = 0;
		};
		23AC0A382EE875FC0094CE44 /* Frameworks */ = {
			isa = PBXFrameworksBuildPhase;
			buildActionMask = 2147483647;
			files = (
			);
			runOnlyForDeploymentPostprocessing = 0;
		};
/* End PBXFrameworksBuildPhase section */

/* Begin PBXGroup section */
		23AC0A1B2EE875F90094CE44 = {
			isa = PBXGroup;
			children = (
				23F8B1052F5A000100C0DE01 /* Build Configurations */,
				23AC0A262EE875F90094CE44 /* Cosmo Trader */,
				23AC0A342EE875FC0094CE44 /* Cosmo TraderTests */,
				23AC0A3E2EE875FC0094CE44 /* Cosmo TraderUITests */,
				23AC0A252EE875F90094CE44 /* Products */,
			);
			sourceTree = "<group>";
		};
		23AC0A252EE875F90094CE44 /* Products */ = {
			isa = PBXGroup;
			children = (
				23AC0A242EE875F90094CE44 /* Cosmo Trader.app */,
				23AC0A312EE875FC0094CE44 /* Cosmo TraderTests.xctest */,
				23AC0A3B2EE875FC0094CE44 /* Cosmo TraderUITests.xctest */,
			);
			name = Products;
			sourceTree = "<group>";
		};
		23F8B1052F5A000100C0DE01 /* Build Configurations */ = {
			isa = PBXGroup;
			children = (
				23F8B1012F5A000100C0DE01 /* Base.xcconfig */,
				23F8B1022F5A000100C0DE01 /* Debug.xcconfig */,
				23F8B1032F5A000100C0DE01 /* Release.xcconfig */,
				23F8B1042F5A000100C0DE01 /* Staging.xcconfig */,
			);
			name = "Build Configurations";
			path = "Cosmo Trader/Configuration";
			sourceTree = "<group>";
		};
/* End PBXGroup section */

/* Begin PBXNativeTarget section */
		23AC0A232EE875F90094CE44 /* Cosmo Trader */ = {
			isa = PBXNativeTarget;
			buildConfigurationList = 23AC0A452EE875FC0094CE44 /* Build configuration list for PBXNativeTarget "Cosmo Trader" */;
			buildPhases = (
				23AC0A202EE875F90094CE44 /* Sources */,
				23AC0A212EE875F90094CE44 /* Frameworks */,
				23F8A1112F4B000100123456 /* Copy Firebase Plist (Release Required) */,
				23AC0A222EE875F90094CE44 /* Resources */,
				23F8A1122F4B000100123457 /* Verify No Secrets In Bundle (Release) */,
			);
			buildRules = (
			);
			dependencies = (
			);
			fileSystemSynchronizedGroups = (
				23AC0A262EE875F90094CE44 /* Cosmo Trader */,
			);
			name = "Cosmo Trader";
			packageProductDependencies = (
				238B45CC2F351E32008E3C08 /* FirebaseAuth */,
				238B45CE2F351E32008E3C08 /* FirebaseCore */,
			);
			productName = "Cosmo Trader";
			productReference = 23AC0A242EE875F90094CE44 /* Cosmo Trader.app */;
			productType = "com.apple.product-type.application";
		};
		23AC0A302EE875FC0094CE44 /* Cosmo TraderTests */ = {
			isa = PBXNativeTarget;
			buildConfigurationList = 23AC0A482EE875FC0094CE44 /* Build configuration list for PBXNativeTarget "Cosmo TraderTests" */;
			buildPhases = (
				23AC0A2D2EE875FC0094CE44 /* Sources */,
				23AC0A2E2EE875FC0094CE44 /* Frameworks */,
				23AC0A2F2EE875FC0094CE44 /* Resources */,
			);
			buildRules = (
			);
			dependencies = (
				23AC0A332EE875FC0094CE44 /* PBXTargetDependency */,
			);
			fileSystemSynchronizedGroups = (
				23AC0A342EE875FC0094CE44 /* Cosmo TraderTests */,
			);
			name = "Cosmo TraderTests";
			packageProductDependencies = (
			);
			productName = "Cosmo TraderTests";
			productReference = 23AC0A312EE875FC0094CE44 /* Cosmo TraderTests.xctest */;
			productType = "com.apple.product-type.bundle.unit-test";
		};
		23AC0A3A2EE875FC0094CE44 /* Cosmo TraderUITests */ = {
			isa = PBXNativeTarget;
			buildConfigurationList = 23AC0A4B2EE875FC0094CE44 /* Build configuration list for PBXNativeTarget "Cosmo TraderUITests" */;
			buildPhases = (
				23AC0A372EE875FC0094CE44 /* Sources */,
				23AC0A382EE875FC0094CE44 /* Frameworks */,
				23AC0A392EE875FC0094CE44 /* Resources */,
			);
			buildRules = (
			);
			dependencies = (
				23AC0A3D2EE875FC0094CE44 /* PBXTargetDependency */,
			);
			fileSystemSynchronizedGroups = (
				23AC0A3E2EE875FC0094CE44 /* Cosmo TraderUITests */,
			);
			name = "Cosmo TraderUITests";
			packageProductDependencies = (
			);
			productName = "Cosmo TraderUITests";
			productReference = 23AC0A3B2EE875FC0094CE44 /* Cosmo TraderUITests.xctest */;
			productType = "com.apple.product-type.bundle.ui-testing";
		};
/* End PBXNativeTarget section */

/* Begin PBXProject section */
		23AC0A1C2EE875F90094CE44 /* Project object */ = {
			isa = PBXProject;
			attributes = {
				BuildIndependentTargetsInParallel = 1;
				LastSwiftUpdateCheck = 2620;
				LastUpgradeCheck = 2620;
				TargetAttributes = {
					23AC0A232EE875F90094CE44 = {
						CreatedOnToolsVersion = 26.2;
					};
					23AC0A302EE875FC0094CE44 = {
						CreatedOnToolsVersion = 26.2;
						TestTargetID = 23AC0A232EE875F90094CE44;
					};
					23AC0A3A2EE875FC0094CE44 = {
						CreatedOnToolsVersion = 26.2;
						TestTargetID = 23AC0A232EE875F90094CE44;
					};
				};
			};
			buildConfigurationList = 23AC0A1F2EE875F90094CE44 /* Build configuration list for PBXProject "Cosmo Trader" */;
			developmentRegion = en;
			hasScannedForEncodings = 0;
			knownRegions = (
				en,
				Base,
				es,
				fr,
			);
			mainGroup = 23AC0A1B2EE875F90094CE44;
			minimizedProjectReferenceProxies = 1;
			packageReferences = (
				238B45CB2F351E32008E3C08 /* XCRemoteSwiftPackageReference "firebase-ios-sdk" */,
			);
			preferredProjectObjectVersion = 77;
			productRefGroup = 23AC0A252EE875F90094CE44 /* Products */;
			projectDirPath = "";
			projectRoot = "";
			targets = (
				23AC0A232EE875F90094CE44 /* Cosmo Trader */,
				23AC0A302EE875FC0094CE44 /* Cosmo TraderTests */,
				23AC0A3A2EE875FC0094CE44 /* Cosmo TraderUITests */,
			);
		};
/* End PBXProject section */

/* Begin PBXResourcesBuildPhase section */
		23AC0A222EE875F90094CE44 /* Resources */ = {
			isa = PBXResourcesBuildPhase;
			buildActionMask = 2147483647;
			files = (
			);
			runOnlyForDeploymentPostprocessing = 0;
		};
		23AC0A2F2EE875FC0094CE44 /* Resources */ = {
			isa = PBXResourcesBuildPhase;
			buildActionMask = 2147483647;
			files = (
			);
			runOnlyForDeploymentPostprocessing = 0;
		};
		23AC0A392EE875FC0094CE44 /* Resources */ = {
			isa = PBXResourcesBuildPhase;
			buildActionMask = 2147483647;
			files = (
			);
			runOnlyForDeploymentPostprocessing = 0;
		};
/* End PBXResourcesBuildPhase section */

/* Begin PBXShellScriptBuildPhase section */
		23F8A1112F4B000100123456 /* Copy Firebase Plist (Release Required) */ = {
			isa = PBXShellScriptBuildPhase;
			buildActionMask = 2147483647;
			files = (
			);
				inputFileListPaths = (
				);
					inputPaths = (
						"$(PROJECT_DIR)/GoogleService-Info.plist",
						"$(PROJECT_DIR)/GoogleService-Info_CT.plist",
					);
			name = "Copy Firebase Plist (Release Required)";
				outputFileListPaths = (
				);
				outputPaths = (
					"$(TARGET_BUILD_DIR)/$(UNLOCALIZED_RESOURCES_FOLDER_PATH)/GoogleService-Info.plist",
				);
			runOnlyForDeploymentPostprocessing = 0;
			shellPath = /bin/sh;
					shellScript = "DEST_PLIST=\"${TARGET_BUILD_DIR}/${UNLOCALIZED_RESOURCES_FOLDER_PATH}/GoogleService-Info.plist\"\nSOURCE_PLIST=\"\"\n\nfor CANDIDATE_PLIST in \"${PROJECT_DIR}/GoogleService-Info.plist\" \"${PROJECT_DIR}/GoogleService-Info_CT.plist\"; do\n  if [ -f \"${CANDIDATE_PLIST}\" ]; then\n    SOURCE_PLIST=\"${CANDIDATE_PLIST}\"\n    break\n  fi\ndone\n\nif [ \"${CONFIGURATION}\" = \"Release\" ]; then\n  if [ -z \"${SOURCE_PLIST}\" ]; then\n    echo \"error: Missing Firebase GoogleService plist for Release build. Add GoogleService-Info.plist at project root.\" >&2\n    exit 1\n  fi\n  cp -f \"${SOURCE_PLIST}\" \"${DEST_PLIST}\"\nelse\n  if [ -n \"${SOURCE_PLIST}\" ]; then\n    cp -f \"${SOURCE_PLIST}\" \"${DEST_PLIST}\"\n  else\n    echo \"warning: Firebase GoogleService plist missing. Firebase is disabled for this Debug build. Add GoogleService-Info.plist at project root for device testing.\" >&2\n  fi\nfi\n";
		};
		23F8A1122F4B000100123457 /* Verify No Secrets In Bundle (Release) */ = {
			isa = PBXShellScriptBuildPhase;
			alwaysOutOfDate = 1;
			buildActionMask = 2147483647;
			files = (
			);
			inputFileListPaths = (
			);
			inputPaths = (
				"$(PROJECT_DIR)/Scripts/verify_no_secrets.sh",
			);
			name = "Verify No Secrets In Bundle (Release)";
			outputFileListPaths = (
			);
			outputPaths = (
			);
			runOnlyForDeploymentPostprocessing = 0;
			shellPath = /bin/sh;
			shellScript = "if [ \"${CONFIGURATION}\" != \"Release\" ]; then\n  echo \"verify_no_secrets: skipped (CONFIGURATION=${CONFIGURATION}).\"\n  exit 0\nfi\nSCRIPT=\"${PROJECT_DIR}/Scripts/verify_no_secrets.sh\"\nif [ ! -f \"${SCRIPT}\" ]; then\n  echo \"error: ${SCRIPT} missing; Release bundle-secret scan cannot run.\"\n  exit 1\nfi\n/bin/bash \"${SCRIPT}\" \"${TARGET_BUILD_DIR}/${WRAPPER_NAME}\"\n";
		};
/* End PBXShellScriptBuildPhase section */

/* Begin PBXSourcesBuildPhase section */
		23AC0A202EE875F90094CE44 /* Sources */ = {
			isa = PBXSourcesBuildPhase;
			buildActionMask = 2147483647;
			files = (
			);
			runOnlyForDeploymentPostprocessing = 0;
		};
		23AC0A2D2EE875FC0094CE44 /* Sources */ = {
			isa = PBXSourcesBuildPhase;
			buildActionMask = 2147483647;
			files = (
			);
			runOnlyForDeploymentPostprocessing = 0;
		};
		23AC0A372EE875FC0094CE44 /* Sources */ = {
			isa = PBXSourcesBuildPhase;
			buildActionMask = 2147483647;
			files = (
			);
			runOnlyForDeploymentPostprocessing = 0;
		};
/* End PBXSourcesBuildPhase section */

/* Begin PBXTargetDependency section */
		23AC0A332EE875FC0094CE44 /* PBXTargetDependency */ = {
			isa = PBXTargetDependency;
			target = 23AC0A232EE875F90094CE44 /* Cosmo Trader */;
			targetProxy = 23AC0A322EE875FC0094CE44 /* PBXContainerItemProxy */;
		};
		23AC0A3D2EE875FC0094CE44 /* PBXTargetDependency */ = {
			isa = PBXTargetDependency;
			target = 23AC0A232EE875F90094CE44 /* Cosmo Trader */;
			targetProxy = 23AC0A3C2EE875FC0094CE44 /* PBXContainerItemProxy */;
		};
/* End PBXTargetDependency section */

/* Begin XCBuildConfiguration section */
		23AC0A432EE875FC0094CE44 /* Debug */ = {
			isa = XCBuildConfiguration;
			baseConfigurationReference = 23F8B1012F5A000100C0DE01 /* Base.xcconfig */;
			buildSettings = {
				ALWAYS_SEARCH_USER_PATHS = NO;
				ASSETCATALOG_COMPILER_GENERATE_SWIFT_ASSET_SYMBOL_EXTENSIONS = YES;
				CLANG_ANALYZER_NONNULL = YES;
				CLANG_ANALYZER_NUMBER_OBJECT_CONVERSION = YES_AGGRESSIVE;
				CLANG_CXX_LANGUAGE_STANDARD = "gnu++20";
				CLANG_ENABLE_MODULES = YES;
				CLANG_ENABLE_OBJC_ARC = YES;
				CLANG_ENABLE_OBJC_WEAK = YES;
				CLANG_WARN_BLOCK_CAPTURE_AUTORELEASING = YES;
				CLANG_WARN_BOOL_CONVERSION = YES;
				CLANG_WARN_COMMA = YES;
				CLANG_WARN_CONSTANT_CONVERSION = YES;
				CLANG_WARN_DEPRECATED_OBJC_IMPLEMENTATIONS = YES;
				CLANG_WARN_DIRECT_OBJC_ISA_USAGE = YES_ERROR;
				CLANG_WARN_DOCUMENTATION_COMMENTS = YES;
				CLANG_WARN_EMPTY_BODY = YES;
				CLANG_WARN_ENUM_CONVERSION = YES;
				CLANG_WARN_INFINITE_RECURSION = YES;
				CLANG_WARN_INT_CONVERSION = YES;
				CLANG_WARN_NON_LITERAL_NULL_CONVERSION = YES;
				CLANG_WARN_OBJC_IMPLICIT_RETAIN_SELF = YES;
				CLANG_WARN_OBJC_LITERAL_CONVERSION = YES;
				CLANG_WARN_OBJC_ROOT_CLASS = YES_ERROR;
				CLANG_WARN_QUOTED_INCLUDE_IN_FRAMEWORK_HEADER = YES;
				CLANG_WARN_RANGE_LOOP_ANALYSIS = YES;
				CLANG_WARN_STRICT_PROTOTYPES = YES;
				CLANG_WARN_SUSPICIOUS_MOVE = YES;
				CLANG_WARN_UNGUARDED_AVAILABILITY = YES_AGGRESSIVE;
				CLANG_WARN_UNREACHABLE_CODE = YES;
				CLANG_WARN__DUPLICATE_METHOD_MATCH = YES;
				COPY_PHASE_STRIP = NO;
				DEBUG_INFORMATION_FORMAT = dwarf;
				DEVELOPMENT_TEAM = JGAJMMTQVS;
				ENABLE_STRICT_OBJC_MSGSEND = YES;
				ENABLE_TESTABILITY = YES;
				ENABLE_USER_SCRIPT_SANDBOXING = YES;
				GCC_C_LANGUAGE_STANDARD = gnu17;
				GCC_DYNAMIC_NO_PIC = NO;
				GCC_NO_COMMON_BLOCKS = YES;
				GCC_OPTIMIZATION_LEVEL = 0;
				GCC_PREPROCESSOR_DEFINITIONS = (
					"DEBUG=1",
					"$(inherited)",
				);
				GCC_WARN_64_TO_32_BIT_CONVERSION = YES;
				GCC_WARN_ABOUT_RETURN_TYPE = YES_ERROR;
				GCC_WARN_UNDECLARED_SELECTOR = YES;
				GCC_WARN_UNINITIALIZED_AUTOS = YES_AGGRESSIVE;
				GCC_WARN_UNUSED_FUNCTION = YES;
				GCC_WARN_UNUSED_VARIABLE = YES;
				LOCALIZATION_PREFERS_STRING_CATALOGS = YES;
				MTL_ENABLE_DEBUG_INFO = INCLUDE_SOURCE;
				MTL_FAST_MATH = YES;
				ONLY_ACTIVE_ARCH = YES;
				SDKROOT = iphoneos;
				SWIFT_ACTIVE_COMPILATION_CONDITIONS = "DEBUG $(inherited)";
				SWIFT_OPTIMIZATION_LEVEL = "-Onone";
			};
			name = Debug;
		};
		23AC0A442EE875FC0094CE44 /* Release */ = {
			isa = XCBuildConfiguration;
			baseConfigurationReference = 23F8B1012F5A000100C0DE01 /* Base.xcconfig */;
			buildSettings = {
				ALWAYS_SEARCH_USER_PATHS = NO;
				ASSETCATALOG_COMPILER_GENERATE_SWIFT_ASSET_SYMBOL_EXTENSIONS = YES;
				CLANG_ANALYZER_NONNULL = YES;
				CLANG_ANALYZER_NUMBER_OBJECT_CONVERSION = YES_AGGRESSIVE;
				CLANG_CXX_LANGUAGE_STANDARD = "gnu++20";
				CLANG_ENABLE_MODULES = YES;
				CLANG_ENABLE_OBJC_ARC = YES;
				CLANG_ENABLE_OBJC_WEAK = YES;
				CLANG_WARN_BLOCK_CAPTURE_AUTORELEASING = YES;
				CLANG_WARN_BOOL_CONVERSION = YES;
				CLANG_WARN_COMMA = YES;
				CLANG_WARN_CONSTANT_CONVERSION = YES;
				CLANG_WARN_DEPRECATED_OBJC_IMPLEMENTATIONS = YES;
				CLANG_WARN_DIRECT_OBJC_ISA_USAGE = YES_ERROR;
				CLANG_WARN_DOCUMENTATION_COMMENTS = YES;
				CLANG_WARN_EMPTY_BODY = YES;
				CLANG_WARN_ENUM_CONVERSION = YES;
				CLANG_WARN_INFINITE_RECURSION = YES;
				CLANG_WARN_INT_CONVERSION = YES;
				CLANG_WARN_NON_LITERAL_NULL_CONVERSION = YES;
				CLANG_WARN_OBJC_IMPLICIT_RETAIN_SELF = YES;
				CLANG_WARN_OBJC_LITERAL_CONVERSION = YES;
				CLANG_WARN_OBJC_ROOT_CLASS = YES_ERROR;
				CLANG_WARN_QUOTED_INCLUDE_IN_FRAMEWORK_HEADER = YES;
				CLANG_WARN_RANGE_LOOP_ANALYSIS = YES;
				CLANG_WARN_STRICT_PROTOTYPES = YES;
				CLANG_WARN_SUSPICIOUS_MOVE = YES;
				CLANG_WARN_UNGUARDED_AVAILABILITY = YES_AGGRESSIVE;
				CLANG_WARN_UNREACHABLE_CODE = YES;
				CLANG_WARN__DUPLICATE_METHOD_MATCH = YES;
				COPY_PHASE_STRIP = NO;
				DEBUG_INFORMATION_FORMAT = "dwarf-with-dsym";
				DEVELOPMENT_TEAM = JGAJMMTQVS;
				ENABLE_NS_ASSERTIONS = NO;
				ENABLE_STRICT_OBJC_MSGSEND = YES;
				ENABLE_USER_SCRIPT_SANDBOXING = YES;
				GCC_C_LANGUAGE_STANDARD = gnu17;
				GCC_NO_COMMON_BLOCKS = YES;
				GCC_WARN_64_TO_32_BIT_CONVERSION = YES;
				GCC_WARN_ABOUT_RETURN_TYPE = YES_ERROR;
				GCC_WARN_UNDECLARED_SELECTOR = YES;
				GCC_WARN_UNINITIALIZED_AUTOS = YES_AGGRESSIVE;
				GCC_WARN_UNUSED_FUNCTION = YES;
				GCC_WARN_UNUSED_VARIABLE = YES;
				LOCALIZATION_PREFERS_STRING_CATALOGS = YES;
				MTL_ENABLE_DEBUG_INFO = NO;
				MTL_FAST_MATH = YES;
				SDKROOT = iphoneos;
				SWIFT_COMPILATION_MODE = wholemodule;
				VALIDATE_PRODUCT = YES;
			};
			name = Release;
		};
		23AC0A462EE875FC0094CE44 /* Debug */ = {
			isa = XCBuildConfiguration;
			baseConfigurationReference = 23F8B1022F5A000100C0DE01 /* Debug.xcconfig */;
			buildSettings = {
				ASSETCATALOG_COMPILER_APPICON_NAME = AppIcon;
				ASSETCATALOG_COMPILER_GLOBAL_ACCENT_COLOR_NAME = AccentColor;
				CODE_SIGN_STYLE = Automatic;
				CURRENT_PROJECT_VERSION = 3;
				DEVELOPMENT_TEAM = JGAJMMTQVS;
				ENABLE_PREVIEWS = YES;
				GENERATE_INFOPLIST_FILE = YES;
				INFOPLIST_KEY_UIApplicationSceneManifest_Generation = YES;
				INFOPLIST_KEY_UIApplicationSupportsIndirectInputEvents = YES;
				INFOPLIST_KEY_UILaunchScreen_Generation = YES;
				INFOPLIST_KEY_UISupportedInterfaceOrientations_iPad = "UIInterfaceOrientationPortrait UIInterfaceOrientationPortraitUpsideDown UIInterfaceOrientationLandscapeLeft UIInterfaceOrientationLandscapeRight";
				INFOPLIST_KEY_UISupportedInterfaceOrientations_iPhone = "UIInterfaceOrientationPortrait UIInterfaceOrientationLandscapeLeft UIInterfaceOrientationLandscapeRight";
				LD_RUNPATH_SEARCH_PATHS = (
					"$(inherited)",
					"@executable_path/Frameworks",
				);
				MARKETING_VERSION = 1.0;
				PRODUCT_BUNDLE_IDENTIFIER = "com.Somnora.Cosmo-Trader";
				PRODUCT_NAME = "$(TARGET_NAME)";
				STRING_CATALOG_GENERATE_SYMBOLS = YES;
				SWIFT_APPROACHABLE_CONCURRENCY = YES;
				SWIFT_DEFAULT_ACTOR_ISOLATION = MainActor;
				SWIFT_EMIT_LOC_STRINGS = YES;
				SWIFT_UPCOMING_FEATURE_MEMBER_IMPORT_VISIBILITY = YES;
				SWIFT_VERSION = 5.0;
				TARGETED_DEVICE_FAMILY = "1,2";
			};
			name = Debug;
		};
		23AC0A472EE875FC0094CE44 /* Release */ = {
			isa = XCBuildConfiguration;
			baseConfigurationReference = 23F8B1032F5A000100C0DE01 /* Release.xcconfig */;
			buildSettings = {
				ASSETCATALOG_COMPILER_APPICON_NAME = AppIcon;
				ASSETCATALOG_COMPILER_GLOBAL_ACCENT_COLOR_NAME = AccentColor;
				CODE_SIGN_STYLE = Automatic;
				CURRENT_PROJECT_VERSION = 3;
				DEVELOPMENT_TEAM = JGAJMMTQVS;
				ENABLE_PREVIEWS = YES;
				GENERATE_INFOPLIST_FILE = YES;
				INFOPLIST_KEY_UIApplicationSceneManifest_Generation = YES;
				INFOPLIST_KEY_UIApplicationSupportsIndirectInputEvents = YES;
				INFOPLIST_KEY_UILaunchScreen_Generation = YES;
				INFOPLIST_KEY_UISupportedInterfaceOrientations_iPad = "UIInterfaceOrientationPortrait UIInterfaceOrientationPortraitUpsideDown UIInterfaceOrientationLandscapeLeft UIInterfaceOrientationLandscapeRight";
				INFOPLIST_KEY_UISupportedInterfaceOrientations_iPhone = "UIInterfaceOrientationPortrait UIInterfaceOrientationLandscapeLeft UIInterfaceOrientationLandscapeRight";
				LD_RUNPATH_SEARCH_PATHS = (
					"$(inherited)",
					"@executable_path/Frameworks",
				);
				MARKETING_VERSION = 1.0;
				PRODUCT_BUNDLE_IDENTIFIER = "com.Somnora.Cosmo-Trader";
				PRODUCT_NAME = "$(TARGET_NAME)";
				STRING_CATALOG_GENERATE_SYMBOLS = YES;
				SWIFT_APPROACHABLE_CONCURRENCY = YES;
				SWIFT_DEFAULT_ACTOR_ISOLATION = MainActor;
				SWIFT_EMIT_LOC_STRINGS = YES;
				SWIFT_UPCOMING_FEATURE_MEMBER_IMPORT_VISIBILITY = YES;
				SWIFT_VERSION = 5.0;
				TARGETED_DEVICE_FAMILY = "1,2";
			};
			name = Release;
		};
		23AC0A492EE875FC0094CE44 /* Debug */ = {
			isa = XCBuildConfiguration;
			baseConfigurationReference = 23F8B1022F5A000100C0DE01 /* Debug.xcconfig */;
			buildSettings = {
				BUNDLE_LOADER = "$(TEST_HOST)";
				CODE_SIGN_STYLE = Automatic;
				CURRENT_PROJECT_VERSION = 3;
				DEVELOPMENT_TEAM = JGAJMMTQVS;
				GENERATE_INFOPLIST_FILE = YES;
				MARKETING_VERSION = 1.0;
				PRODUCT_BUNDLE_IDENTIFIER = "com.Somnora.Cosmo-TraderTests";
				PRODUCT_NAME = "$(TARGET_NAME)";
				STRING_CATALOG_GENERATE_SYMBOLS = NO;
				SWIFT_APPROACHABLE_CONCURRENCY = YES;
				SWIFT_EMIT_LOC_STRINGS = NO;
				SWIFT_UPCOMING_FEATURE_MEMBER_IMPORT_VISIBILITY = YES;
				SWIFT_VERSION = 5.0;
				TARGETED_DEVICE_FAMILY = "1,2";
				TEST_HOST = "$(BUILT_PRODUCTS_DIR)/Cosmo Trader.app/$(BUNDLE_EXECUTABLE_FOLDER_PATH)/Cosmo Trader";
			};
			name = Debug;
		};
		23AC0A4A2EE875FC0094CE44 /* Release */ = {
			isa = XCBuildConfiguration;
			baseConfigurationReference = 23F8B1032F5A000100C0DE01 /* Release.xcconfig */;
			buildSettings = {
				BUNDLE_LOADER = "$(TEST_HOST)";
				CODE_SIGN_STYLE = Automatic;
				CURRENT_PROJECT_VERSION = 3;
				DEVELOPMENT_TEAM = JGAJMMTQVS;
				GENERATE_INFOPLIST_FILE = YES;
				MARKETING_VERSION = 1.0;
				PRODUCT_BUNDLE_IDENTIFIER = "com.Somnora.Cosmo-TraderTests";
				PRODUCT_NAME = "$(TARGET_NAME)";
				STRING_CATALOG_GENERATE_SYMBOLS = NO;
				SWIFT_APPROACHABLE_CONCURRENCY = YES;
				SWIFT_EMIT_LOC_STRINGS = NO;
				SWIFT_UPCOMING_FEATURE_MEMBER_IMPORT_VISIBILITY = YES;
				SWIFT_VERSION = 5.0;
				TARGETED_DEVICE_FAMILY = "1,2";
				TEST_HOST = "$(BUILT_PRODUCTS_DIR)/Cosmo Trader.app/$(BUNDLE_EXECUTABLE_FOLDER_PATH)/Cosmo Trader";
			};
			name = Release;
		};
		23AC0A4C2EE875FC0094CE44 /* Debug */ = {
			isa = XCBuildConfiguration;
			baseConfigurationReference = 23F8B1022F5A000100C0DE01 /* Debug.xcconfig */;
			buildSettings = {
				"CODE_SIGN_IDENTITY[sdk=macosx*]" = "Apple Development";
				CODE_SIGN_STYLE = Automatic;
				CURRENT_PROJECT_VERSION = 3;
				DEVELOPMENT_TEAM = JGAJMMTQVS;
					GENERATE_INFOPLIST_FILE = YES;
				MARKETING_VERSION = 1.0;
				PRODUCT_BUNDLE_IDENTIFIER = "com.Somnora.Cosmo-TraderUITests";
				PRODUCT_NAME = "$(TARGET_NAME)";
				STRING_CATALOG_GENERATE_SYMBOLS = NO;
				SWIFT_APPROACHABLE_CONCURRENCY = YES;
				SWIFT_EMIT_LOC_STRINGS = NO;
				SWIFT_UPCOMING_FEATURE_MEMBER_IMPORT_VISIBILITY = YES;
				SWIFT_VERSION = 5.0;
				TARGETED_DEVICE_FAMILY = "1,2";
				TEST_TARGET_NAME = "Cosmo Trader";
			};
			name = Debug;
		};
		23AC0A4D2EE875FC0094CE44 /* Release */ = {
			isa = XCBuildConfiguration;
			baseConfigurationReference = 23F8B1032F5A000100C0DE01 /* Release.xcconfig */;
			buildSettings = {
				CODE_SIGN_STYLE = Automatic;
				CURRENT_PROJECT_VERSION = 3;
				DEVELOPMENT_TEAM = JGAJMMTQVS;
					GENERATE_INFOPLIST_FILE = YES;
				MARKETING_VERSION = 1.0;
				PRODUCT_BUNDLE_IDENTIFIER = "com.Somnora.Cosmo-TraderUITests";
				PRODUCT_NAME = "$(TARGET_NAME)";
				STRING_CATALOG_GENERATE_SYMBOLS = NO;
				SWIFT_APPROACHABLE_CONCURRENCY = YES;
				SWIFT_EMIT_LOC_STRINGS = NO;
				SWIFT_UPCOMING_FEATURE_MEMBER_IMPORT_VISIBILITY = YES;
				SWIFT_VERSION = 5.0;
				TARGETED_DEVICE_FAMILY = "1,2";
				TEST_TARGET_NAME = "Cosmo Trader";
			};
			name = Release;
		};
		23F8B2012F5A000100C0DE01 /* Staging */ = {
			isa = XCBuildConfiguration;
			baseConfigurationReference = 23F8B1012F5A000100C0DE01 /* Base.xcconfig */;
			buildSettings = {
				ALWAYS_SEARCH_USER_PATHS = NO;
				ASSETCATALOG_COMPILER_GENERATE_SWIFT_ASSET_SYMBOL_EXTENSIONS = YES;
				CLANG_ANALYZER_NONNULL = YES;
				CLANG_ANALYZER_NUMBER_OBJECT_CONVERSION = YES_AGGRESSIVE;
				CLANG_CXX_LANGUAGE_STANDARD = "gnu++20";
				CLANG_ENABLE_MODULES = YES;
				CLANG_ENABLE_OBJC_ARC = YES;
				CLANG_ENABLE_OBJC_WEAK = YES;
				CLANG_WARN_BLOCK_CAPTURE_AUTORELEASING = YES;
				CLANG_WARN_BOOL_CONVERSION = YES;
				CLANG_WARN_COMMA = YES;
				CLANG_WARN_CONSTANT_CONVERSION = YES;
				CLANG_WARN_DEPRECATED_OBJC_IMPLEMENTATIONS = YES;
				CLANG_WARN_DIRECT_OBJC_ISA_USAGE = YES_ERROR;
				CLANG_WARN_DOCUMENTATION_COMMENTS = YES;
				CLANG_WARN_EMPTY_BODY = YES;
				CLANG_WARN_ENUM_CONVERSION = YES;
				CLANG_WARN_INFINITE_RECURSION = YES;
				CLANG_WARN_INT_CONVERSION = YES;
				CLANG_WARN_NON_LITERAL_NULL_CONVERSION = YES;
				CLANG_WARN_OBJC_IMPLICIT_RETAIN_SELF = YES;
				CLANG_WARN_OBJC_LITERAL_CONVERSION = YES;
				CLANG_WARN_OBJC_ROOT_CLASS = YES_ERROR;
				CLANG_WARN_QUOTED_INCLUDE_IN_FRAMEWORK_HEADER = YES;
				CLANG_WARN_RANGE_LOOP_ANALYSIS = YES;
				CLANG_WARN_STRICT_PROTOTYPES = YES;
				CLANG_WARN_SUSPICIOUS_MOVE = YES;
				CLANG_WARN_UNGUARDED_AVAILABILITY = YES_AGGRESSIVE;
				CLANG_WARN_UNREACHABLE_CODE = YES;
				CLANG_WARN__DUPLICATE_METHOD_MATCH = YES;
				COPY_PHASE_STRIP = NO;
				DEBUG_INFORMATION_FORMAT = "dwarf-with-dsym";
				DEVELOPMENT_TEAM = JGAJMMTQVS;
				ENABLE_NS_ASSERTIONS = NO;
				ENABLE_STRICT_OBJC_MSGSEND = YES;
				ENABLE_USER_SCRIPT_SANDBOXING = YES;
				GCC_C_LANGUAGE_STANDARD = gnu17;
				GCC_NO_COMMON_BLOCKS = YES;
				GCC_WARN_64_TO_32_BIT_CONVERSION = YES;
				GCC_WARN_ABOUT_RETURN_TYPE = YES_ERROR;
				GCC_WARN_UNDECLARED_SELECTOR = YES;
				GCC_WARN_UNINITIALIZED_AUTOS = YES_AGGRESSIVE;
				GCC_WARN_UNUSED_FUNCTION = YES;
				GCC_WARN_UNUSED_VARIABLE = YES;
				LOCALIZATION_PREFERS_STRING_CATALOGS = YES;
				MTL_ENABLE_DEBUG_INFO = NO;
				MTL_FAST_MATH = YES;
				SDKROOT = iphoneos;
				SWIFT_COMPILATION_MODE = wholemodule;
				VALIDATE_PRODUCT = YES;
			};
			name = Staging;
		};
		23F8B2022F5A000100C0DE01 /* Staging */ = {
			isa = XCBuildConfiguration;
			baseConfigurationReference = 23F8B1042F5A000100C0DE01 /* Staging.xcconfig */;
			buildSettings = {
				ASSETCATALOG_COMPILER_APPICON_NAME = AppIcon;
				ASSETCATALOG_COMPILER_GLOBAL_ACCENT_COLOR_NAME = AccentColor;
				CODE_SIGN_STYLE = Automatic;
				CURRENT_PROJECT_VERSION = 3;
				DEVELOPMENT_TEAM = JGAJMMTQVS;
				ENABLE_PREVIEWS = YES;
				GENERATE_INFOPLIST_FILE = YES;
				INFOPLIST_KEY_UIApplicationSceneManifest_Generation = YES;
				INFOPLIST_KEY_UIApplicationSupportsIndirectInputEvents = YES;
				INFOPLIST_KEY_UILaunchScreen_Generation = YES;
				INFOPLIST_KEY_UISupportedInterfaceOrientations_iPad = "UIInterfaceOrientationPortrait UIInterfaceOrientationPortraitUpsideDown UIInterfaceOrientationLandscapeLeft UIInterfaceOrientationLandscapeRight";
				INFOPLIST_KEY_UISupportedInterfaceOrientations_iPhone = "UIInterfaceOrientationPortrait UIInterfaceOrientationLandscapeLeft UIInterfaceOrientationLandscapeRight";
				LD_RUNPATH_SEARCH_PATHS = (
					"$(inherited)",
					"@executable_path/Frameworks",
				);
				MARKETING_VERSION = 1.0;
				PRODUCT_BUNDLE_IDENTIFIER = "com.Somnora.Cosmo-Trader";
				PRODUCT_NAME = "$(TARGET_NAME)";
				STRING_CATALOG_GENERATE_SYMBOLS = YES;
				SWIFT_APPROACHABLE_CONCURRENCY = YES;
				SWIFT_DEFAULT_ACTOR_ISOLATION = MainActor;
				SWIFT_EMIT_LOC_STRINGS = YES;
				SWIFT_UPCOMING_FEATURE_MEMBER_IMPORT_VISIBILITY = YES;
				SWIFT_VERSION = 5.0;
				TARGETED_DEVICE_FAMILY = "1,2";
			};
			name = Staging;
		};
		23F8B2032F5A000100C0DE01 /* Staging */ = {
			isa = XCBuildConfiguration;
			baseConfigurationReference = 23F8B1042F5A000100C0DE01 /* Staging.xcconfig */;
			buildSettings = {
				BUNDLE_LOADER = "$(TEST_HOST)";
				CODE_SIGN_STYLE = Automatic;
				CURRENT_PROJECT_VERSION = 3;
				DEVELOPMENT_TEAM = JGAJMMTQVS;
				GENERATE_INFOPLIST_FILE = YES;
				MARKETING_VERSION = 1.0;
				PRODUCT_BUNDLE_IDENTIFIER = "com.Somnora.Cosmo-TraderTests";
				PRODUCT_NAME = "$(TARGET_NAME)";
				STRING_CATALOG_GENERATE_SYMBOLS = NO;
				SWIFT_APPROACHABLE_CONCURRENCY = YES;
				SWIFT_EMIT_LOC_STRINGS = NO;
				SWIFT_UPCOMING_FEATURE_MEMBER_IMPORT_VISIBILITY = YES;
				SWIFT_VERSION = 5.0;
				TARGETED_DEVICE_FAMILY = "1,2";
				TEST_HOST = "$(BUILT_PRODUCTS_DIR)/Cosmo Trader.app/$(BUNDLE_EXECUTABLE_FOLDER_PATH)/Cosmo Trader";
			};
			name = Staging;
		};
		23F8B2042F5A000100C0DE01 /* Staging */ = {
			isa = XCBuildConfiguration;
			baseConfigurationReference = 23F8B1042F5A000100C0DE01 /* Staging.xcconfig */;
			buildSettings = {
				CODE_SIGN_STYLE = Automatic;
				CURRENT_PROJECT_VERSION = 3;
				DEVELOPMENT_TEAM = JGAJMMTQVS;
				GENERATE_INFOPLIST_FILE = YES;
				MARKETING_VERSION = 1.0;
				PRODUCT_BUNDLE_IDENTIFIER = "com.Somnora.Cosmo-TraderUITests";
				PRODUCT_NAME = "$(TARGET_NAME)";
				STRING_CATALOG_GENERATE_SYMBOLS = NO;
				SWIFT_APPROACHABLE_CONCURRENCY = YES;
				SWIFT_EMIT_LOC_STRINGS = NO;
				SWIFT_UPCOMING_FEATURE_MEMBER_IMPORT_VISIBILITY = YES;
				SWIFT_VERSION = 5.0;
				TARGETED_DEVICE_FAMILY = "1,2";
				TEST_TARGET_NAME = "Cosmo Trader";
			};
			name = Staging;
		};
/* End XCBuildConfiguration section */

/* Begin XCConfigurationList section */
		23AC0A1F2EE875F90094CE44 /* Build configuration list for PBXProject "Cosmo Trader" */ = {
			isa = XCConfigurationList;
			buildConfigurations = (
				23AC0A432EE875FC0094CE44 /* Debug */,
				23AC0A442EE875FC0094CE44 /* Release */,
				23F8B2012F5A000100C0DE01 /* Staging */,
			);
			defaultConfigurationIsVisible = 0;
			defaultConfigurationName = Release;
		};
		23AC0A452EE875FC0094CE44 /* Build configuration list for PBXNativeTarget "Cosmo Trader" */ = {
			isa = XCConfigurationList;
			buildConfigurations = (
				23AC0A462EE875FC0094CE44 /* Debug */,
				23AC0A472EE875FC0094CE44 /* Release */,
				23F8B2022F5A000100C0DE01 /* Staging */,
			);
			defaultConfigurationIsVisible = 0;
			defaultConfigurationName = Release;
		};
		23AC0A482EE875FC0094CE44 /* Build configuration list for PBXNativeTarget "Cosmo TraderTests" */ = {
			isa = XCConfigurationList;
			buildConfigurations = (
				23AC0A492EE875FC0094CE44 /* Debug */,
				23AC0A4A2EE875FC0094CE44 /* Release */,
				23F8B2032F5A000100C0DE01 /* Staging */,
			);
			defaultConfigurationIsVisible = 0;
			defaultConfigurationName = Release;
		};
		23AC0A4B2EE875FC0094CE44 /* Build configuration list for PBXNativeTarget "Cosmo TraderUITests" */ = {
			isa = XCConfigurationList;
			buildConfigurations = (
				23AC0A4C2EE875FC0094CE44 /* Debug */,
				23AC0A4D2EE875FC0094CE44 /* Release */,
				23F8B2042F5A000100C0DE01 /* Staging */,
			);
			defaultConfigurationIsVisible = 0;
			defaultConfigurationName = Release;
		};
/* End XCConfigurationList section */

/* Begin XCRemoteSwiftPackageReference section */
		238B45CB2F351E32008E3C08 /* XCRemoteSwiftPackageReference "firebase-ios-sdk" */ = {
			isa = XCRemoteSwiftPackageReference;
			repositoryURL = "https://github.com/firebase/firebase-ios-sdk";
			requirement = {
				kind = upToNextMajorVersion;
				minimumVersion = 12.9.0;
			};
		};
/* End XCRemoteSwiftPackageReference section */

/* Begin XCSwiftPackageProductDependency section */
		238B45CC2F351E32008E3C08 /* FirebaseAuth */ = {
			isa = XCSwiftPackageProductDependency;
			package = 238B45CB2F351E32008E3C08 /* XCRemoteSwiftPackageReference "firebase-ios-sdk" */;
			productName = FirebaseAuth;
		};
		238B45CE2F351E32008E3C08 /* FirebaseCore */ = {
			isa = XCSwiftPackageProductDependency;
			package = 238B45CB2F351E32008E3C08 /* XCRemoteSwiftPackageReference "firebase-ios-sdk" */;
			productName = FirebaseCore;
		};
/* End XCSwiftPackageProductDependency section */
	};
	rootObject = 23AC0A1C2EE875F90094CE44 /* Project object */;
}
